// !$*UTF8*$!
{
	archiveVersion = 1;
	classes = {
	};
	objectVersion = 46;
	objects = {

/* Begin PBXBuildFile section */
		7A3D061A1B331FF50018F555 /* main.m in Sources */ = {isa = PBXBuildFile; fileRef = 7A3D06191B331FF50018F555 /* main.m */; };
		7A3D061D1B331FF50018F555 /* AppDelegate.m in Sources */ = {isa = PBXBuildFile; fileRef = 7A3D061C1B331FF50018F555 /* AppDelegate.m */; };
		7A3D06201B331FF50018F555 /* ViewController.m in Sources */ = {isa = PBXBuildFile; fileRef = 7A3D061F1B331FF50018F555 /* ViewController.m */; };
		7A3D06231B331FF50018F555 /* Main.storyboard in Resources */ = {isa = PBXBuildFile; fileRef = 7A3D06211B331FF50018F555 /* Main.storyboard */; };
		7A3D06251B331FF50018F555 /* Images.xcassets in Resources */ = {isa = PBXBuildFile; fileRef = 7A3D06241B331FF50018F555 /* Images.xcassets */; };
		7A3D06281B331FF50018F555 /* LaunchScreen.xib in Resources */ = {isa = PBXBuildFile; fileRef = 7A3D06261B331FF50018F555 /* LaunchScreen.xib */; };
		7A3D06341B331FF50018F555 /* ios_studyTests.m in Sources */ = {isa = PBXBuildFile; fileRef = 7A3D06331B331FF50018F555 /* ios_studyTests.m */; };
		7A3D063F1B3322A30018F555 /* ResultViewController.m in Sources */ = {isa = PBXBuildFile; fileRef = 7A3D063E1B3322A30018F555 /* ResultViewController.m */; };
/* End PBXBuildFile section */

/* Begin PBXContainerItemProxy section */
		7A3D062E1B331FF50018F555 /* PBXContainerItemProxy */ = {
			isa = PBXContainerItemProxy;
			containerPortal = 7A3D060C1B331FF40018F555 /* Project object */;
			proxyType = 1;
			remoteGlobalIDString = 7A3D06131B331FF40018F555;
			remoteInfo = "ios-study";
		};
/* End PBXContainerItemProxy section */

/* Begin PBXFileReference section */
		7A3D06141B331FF50018F555 /* ios-study.app */ = {isa = PBXFileReference; explicitFileType = wrapper.application; includeInIndex = 0; path = "ios-study.app"; sourceTree = BUILT_PRODUCTS_DIR; };
		7A3D06181B331FF50018F555 /* Info.plist */ = {isa = PBXFileReference; lastKnownFileType = text.plist.xml; path = Info.plist; sourceTree = "<group>"; };
		7A3D06191B331FF50018F555 /* main.m */ = {isa = PBXFileReference; lastKnownFileType = sourcecode.c.objc; path = main.m; sourceTree = "<group>"; };
		7A3D061B1B331FF50018F555 /* AppDelegate.h */ = {isa = PBXFileReference; lastKnownFileType = sourcecode.c.h; path = AppDelegate.h; sourceTree = "<group>"; };
		7A3D061C1B331FF50018F555 /* AppDelegate.m */ = {isa = PBXFileReference; lastKnownFileType = sourcecode.c.objc; path = AppDelegate.m; sourceTree = "<group>"; };
		7A3D061E1B331FF50018F555 /* ViewController.h */ = {isa = PBXFileReference; lastKnownFileType = sourcecode.c.h; path = ViewController.h; sourceTree = "<group>"; };
		7A3D061F1B331FF50018F555 /* ViewController.m */ = {isa = PBXFileReference; lastKnownFileType = sourcecode.c.objc; path = ViewController.m; sourceTree = "<group>"; };
		7A3D06221B331FF50018F555 /* Base */ = {isa = PBXFileReference; lastKnownFileType = file.storyboard; name = Base; path = Base.lproj/Main.storyboard; sourceTree = "<group>"; };
		7A3D06241B331FF50018F555 /* Images.xcassets */ = {isa = PBXFileReference; lastKnownFileType = folder.assetcatalog; path = Images.xcassets; sourceTree = "<group>"; };
		7A3D06271B331FF50018F555 /* Base */ = {isa = PBXFileReference; lastKnownFileType = file.xib; name = Base; path = Base.lproj/LaunchScreen.xib; sourceTree = "<group>"; };
		7A3D062D1B331FF50018F555 /* ios-studyTests.xctest */ = {isa = PBXFileReference; explicitFileType = wrapper.cfbundle; includeInIndex = 0; path = "ios-studyTests.xctest"; sourceTree = BUILT_PRODUCTS_DIR; };
		7A3D06321B331FF50018F555 /* Info.plist */ = {isa = PBXFileReference; lastKnownFileType = text.plist.xml; path = Info.plist; sourceTree = "<group>"; };
		7A3D06331B331FF50018F555 /* ios_studyTests.m */ = {isa = PBXFileReference; lastKnownFileType = sourcecode.c.objc; path = ios_studyTests.m; sourceTree = "<group>"; };
		7A3D063D1B3322A30018F555 /* ResultViewController.h */ = {isa = PBXFileReference; fileEncoding = 4; lastKnownFileType = sourcecode.c.h; path = ResultViewController.h; sourceTree = "<group>"; };
		7A3D063E1B3322A30018F555 /* ResultViewController.m */ = {isa = PBXFileReference; fileEncoding = 4; lastKnownFileType = sourcecode.c.objc; path = ResultViewController.m; sourceTree = "<group>"; };
/* End PBXFileReference section */

/* Begin PBXFrameworksBuildPhase section */
		7A3D06111B331FF40018F555 /* Frameworks */ = {
			isa = PBXFrameworksBuildPhase;
			buildActionMask = 2147483647;
			files = (
			);
			runOnlyForDeploymentPostprocessing = 0;
		};
		7A3D062A1B331FF50018F555 /* Frameworks */ = {
			isa = PBXFrameworksBuildPhase;
			buildActionMask = 2147483647;
			files = (
			);
			runOnlyForDeploymentPostprocessing = 0;
		};
/* End PBXFrameworksBuildPhase section */

/* Begin PBXGroup section */
		7A3D060B1B331FF40018F555 = {
			isa = PBXGroup;
			children = (
				7A3D06161B331FF50018F555 /* ios-study */,
				7A3D06301B331FF50018F555 /* ios-studyTests */,
				7A3D06151B331FF50018F555 /* Products */,
			);
			sourceTree = "<group>";
		};
		7A3D06151B331FF50018F555 /* Products */ = {
			isa = PBXGroup;
			children = (
				7A3D06141B331FF50018F555 /* ios-study.app */,
				7A3D062D1B331FF50018F555 /* ios-studyTests.xctest */,
			);
			name = Products;
			sourceTree = "<group>";
		};
		7A3D06161B331FF50018F555 /* ios-study */ = {
			isa = PBXGroup;
			children = (
				7A3D061B1B331FF50018F555 /* AppDelegate.h */,
				7A3D061C1B331FF50018F555 /* AppDelegate.m */,
				7A3D061E1B331FF50018F555 /* ViewController.h */,
				7A3D061F1B331FF50018F555 /* ViewController.m */,
				7A3D06211B331FF50018F555 /* Main.storyboard */,
				7A3D06241B331FF50018F555 /* Images.xcassets */,
				7A3D06261B331FF50018F555 /* LaunchScreen.xib */,
				7A3D06171B331FF50018F555 /* Supporting Files */,
				7A3D063D1B3322A30018F555 /* ResultViewController.h */,
				7A3D063E1B3322A30018F555 /* ResultViewController.m */,
			);
			path = "ios-study";
			sourceTree = "<group>";
		};
		7A3D06171B331FF50018F555 /* Supporting Files */ = {
			isa = PBXGroup;
			children = (
				7A3D06181B331FF50018F555 /* Info.plist */,
				7A3D06191B331FF50018F555 /* main.m */,
			);
			name = "Supporting Files";
			sourceTree = "<group>";
		};
		7A3D06301B331FF50018F555 /* ios-studyTests */ = {
			isa = PBXGroup;
			children = (
				7A3D06331B331FF50018F555 /* ios_studyTests.m */,
				7A3D06311B331FF50018F555 /* Supporting Files */,
			);
			path = "ios-studyTests";
			sourceTree = "<group>";
		};
		7A3D06311B331FF50018F555 /* Supporting Files */ = {
			isa = PBXGroup;
			children = (
				7A3D06321B331FF50018F555 /* Info.plist */,
			);
			name = "Supporting Files";
			sourceTree = "<group>";
		};
/* End PBXGroup section */

/* Begin PBXNativeTarget section */
		7A3D06131B331FF40018F555 /* ios-study */ = {
			isa = PBXNativeTarget;
			buildConfigurationList = 7A3D06371B331FF50018F555 /* Build configuration list for PBXNativeTarget "ios-study" */;
			buildPhases = (
				7A3D06101B331FF40018F555 /* Sources */,
				7A3D06111B331FF40018F555 /* Frameworks */,
				7A3D06121B331FF40018F555 /* Resources */,
			);
			buildRules = (
			);
			dependencies = (
			);
			name = "ios-study";
			productName = "ios-study";
			productReference = 7A3D06141B331FF50018F555 /* ios-study.app */;
			productType = "com.apple.product-type.application";
		};
		7A3D062C1B331FF50018F555 /* ios-studyTests */ = {
			isa = PBXNativeTarget;
			buildConfigurationList = 7A3D063A1B331FF50018F555 /* Build configuration list for PBXNativeTarget "ios-studyTests" */;
			buildPhases = (
				7A3D06291B331FF50018F555 /* Sources */,
				7A3D062A1B331FF50018F555 /* Frameworks */,
				7A3D062B1B331FF50018F555 /* Resources */,
			);
			buildRules = (
			);
			dependencies = (
				7A3D062F1B331FF50018F555 /* PBXTargetDependency */,
			);
			name = "ios-studyTests";
			productName = "ios-studyTests";
			productReference = 7A3D062D1B331FF50018F555 /* ios-studyTests.xctest */;
			productType = "com.apple.product-type.bundle.unit-test";
		};
/* End PBXNativeTarget section */

/* Begin PBXProject section */
		7A3D060C1B331FF40018F555 /* Project object */ = {
			isa = PBXProject;
			attributes = {
				LastUpgradeCheck = 0600;
				ORGANIZATIONNAME = azs;
				TargetAttributes = {
					7A3D06131B331FF40018F555 = {
						CreatedOnToolsVersion = 6.0.1;
					};
					7A3D062C1B331FF50018F555 = {
						CreatedOnToolsVersion = 6.0.1;
						TestTargetID = 7A3D06131B331FF40018F555;
					};
				};
			};
			buildConfigurationList = 7A3D060F1B331FF40018F555 /* Build configuration list for PBXProject "ios-study" */;
			compatibilityVersion = "Xcode 3.2";
			developmentRegion = English;
			hasScannedForEncodings = 0;
			knownRegions = (
				en,
				Base,
			);
			mainGroup = 7A3D060B1B331FF40018F555;
			productRefGroup = 7A3D06151B331FF50018F555 /* Products */;
			projectDirPath = "";
			projectRoot = "";
			targets = (
				7A3D06131B331FF40018F555 /* ios-study */,
				7A3D062C1B331FF50018F555 /* ios-studyTests */,
			);
		};
/* End PBXProject section */

/* Begin PBXResourcesBuildPhase section */
		7A3D06121B331FF40018F555 /* Resources */ = {
			isa = PBXResourcesBuildPhase;
			buildActionMask = 2147483647;
			files = (
				7A3D06231B331FF50018F555 /* Main.storyboard in Resources */,
				7A3D06281B331FF50018F555 /* LaunchScreen.xib in Resources */,
				7A3D06251B331FF50018F555 /* Images.xcassets in Resources */,
			);
			runOnlyForDeploymentPostprocessing = 0;
		};
		7A3D062B1B331FF50018F555 /* Resources */ = {
			isa = PBXResourcesBuildPhase;
			buildActionMask = 2147483647;
			files = (
			);
			runOnlyForDeploymentPostprocessing = 0;
		};
/* End PBXResourcesBuildPhase section */

/* Begin PBXSourcesBuildPhase section */
		7A3D06101B331FF40018F555 /* Sources */ = {
			isa = PBXSourcesBuildPhase;
			buildActionMask = 2147483647;
			files = (
				7A3D06201B331FF50018F555 /* ViewController.m in Sources */,
				7A3D061D1B331FF50018F555 /* AppDelegate.m in Sources */,
				7A3D061A1B331FF50018F555 /* main.m in Sources */,
				7A3D063F1B3322A30018F555 /* ResultViewController.m in Sources */,
			);
			runOnlyForDeploymentPostprocessing = 0;
		};
		7A3D06291B331FF50018F555 /* Sources */ = {
			isa = PBXSourcesBuildPhase;
			buildActionMask = 2147483647;
			files = (
				7A3D06341B331FF50018F555 /* ios_studyTests.m in Sources */,
			);
			runOnlyForDeploymentPostprocessing = 0;
		};
/* End PBXSourcesBuildPhase section */

/* Begin PBXTargetDependency section */
		7A3D062F1B331FF50018F555 /* PBXTargetDependency */ = {
			isa = PBXTargetDependency;
			target = 7A3D06131B331FF40018F555 /* ios-study */;
			targetProxy = 7A3D062E1B331FF50018F555 /* PBXContainerItemProxy */;
		};
/* End PBXTargetDependency section */

/* Begin PBXVariantGroup section */
		7A3D06211B331FF50018F555 /* Main.storyboard */ = {
			isa = PBXVariantGroup;
			children = (
				7A3D06221B331FF50018F555 /* Base */,
			);
			name = Main.storyboard;
			sourceTree = "<group>";
		};
		7A3D06261B331FF50018F555 /* LaunchScreen.xib */ = {
			isa = PBXVariantGroup;
			children = (
				7A3D06271B331FF50018F555 /* Base */,
			);
			name = LaunchScreen.xib;
			sourceTree = "<group>";
		};
/* End PBXVariantGroup section */

/* Begin XCBuildConfiguration section */
		7A3D06351B331FF50018F555 /* Debug */ = {
			isa = XCBuildConfiguration;
			buildSettings = {
				ALWAYS_SEARCH_USER_PATHS = NO;
				CLANG_CXX_LANGUAGE_STANDARD = "gnu++0x";
				CLANG_CXX_LIBRARY = "libc++";
				CLANG_ENABLE_MODULES = YES;
				CLANG_ENABLE_OBJC_ARC = YES;
				CLANG_WARN_BOOL_CONVERSION = YES;
				CLANG_WARN_CONSTANT_CONVERSION = YES;
				CLANG_WARN_DIRECT_OBJC_ISA_USAGE = YES_ERROR;
				CLANG_WARN_EMPTY_BODY = YES;
				CLANG_WARN_ENUM_CONVERSION = YES;
				CLANG_WARN_INT_CONVERSION = YES;
				CLANG_WARN_OBJC_ROOT_CLASS = YES_ERROR;
				CLANG_WARN_UNREACHABLE_CODE = YES;
				CLANG_WARN__DUPLICATE_METHOD_MATCH = YES;
				"CODE_SIGN_IDENTITY[sdk=iphoneos*]" = "iPhone Developer";
				COPY_PHASE_STRIP = NO;
				ENABLE_STRICT_OBJC_MSGSEND = YES;
				GCC_C_LANGUAGE_STANDARD = gnu99;
				GCC_DYNAMIC_NO_PIC = NO;
				GCC_OPTIMIZATION_LEVEL = 0;
				GCC_PREPROCESSOR_DEFINITIONS = (
					"DEBUG=1",
					"$(inherited)",
				);
				GCC_SYMBOLS_PRIVATE_EXTERN = NO;
				GCC_WARN_64_TO_32_BIT_CONVERSION = YES;
				GCC_WARN_ABOUT_RETURN_TYPE = YES_ERROR;
				GCC_WARN_UNDECLARED_SELECTOR = YES;
				GCC_WARN_UNINITIALIZED_AUTOS = YES_AGGRESSIVE;
				GCC_WARN_UNUSED_FUNCTION = YES;
				GCC_WARN_UNUSED_VARIABLE = YES;
				IPHONEOS_DEPLOYMENT_TARGET = 8.0;
				MTL_ENABLE_DEBUG_INFO = YES;
				ONLY_ACTIVE_ARCH = YES;
				SDKROOT = iphoneos;
			};
			name = Debug;
		};
		7A3D06361B331FF50018F555 /* Release */ = {
			isa = XCBuildConfiguration;
			buildSettings = {
				ALWAYS_SEARCH_USER_PATHS = NO;
				CLANG_CXX_LANGUAGE_STANDARD = "gnu++0x";
				CLANG_CXX_LIBRARY = "libc++";
				CLANG_ENABLE_MODULES = YES;
				CLANG_ENABLE_OBJC_ARC = YES;
				CLANG_WARN_BOOL_CONVERSION = YES;
				CLANG_WARN_CONSTANT_CONVERSION = YES;
				CLANG_WARN_DIRECT_OBJC_ISA_USAGE = YES_ERROR;
				CLANG_WARN_EMPTY_BODY = YES;
				CLANG_WARN_ENUM_CONVERSION = YES;
				CLANG_WARN_INT_CONVERSION = YES;
				CLANG_WARN_OBJC_ROOT_CLASS = YES_ERROR;
				CLANG_WARN_UNREACHABLE_CODE = YES;
				CLANG_WARN__DUPLICATE_METHOD_MATCH = YES;
				"CODE_SIGN_IDENTITY[sdk=iphoneos*]" = "iPhone Developer";
				COPY_PHASE_STRIP = YES;
				ENABLE_NS_ASSERTIONS = NO;
				ENABLE_STRICT_OBJC_MSGSEND = YES;
				GCC_C_LANGUAGE_STANDARD = gnu99;
				GCC_WARN_64_TO_32_BIT_CONVERSION = YES;
				GCC_WARN_ABOUT_RETURN_TYPE = YES_ERROR;
				GCC_WARN_UNDECLARED_SELECTOR = YES;
				GCC_WARN_UNINITIALIZED_AUTOS = YES_AGGRESSIVE;
				GCC_WARN_UNUSED_FUNCTION = YES;
				GCC_WARN_UNUSED_VARIABLE = YES;
				IPHONEOS_DEPLOYMENT_TARGET = 8.0;
				MTL_ENABLE_DEBUG_INFO = NO;
				SDKROOT = iphoneos;
				VALIDATE_PRODUCT = YES;
			};
			name = Release;
		};
		7A3D06381B331FF50018F555 /* Debug */ = {
			isa = XCBuildConfiguration;
			buildSettings = {
				ASSETCATALOG_COMPILER_APPICON_NAME = AppIcon;
				INFOPLIST_FILE = "ios-study/Info.plist";
				LD_RUNPATH_SEARCH_PATHS = "$(inherited) @executable_path/Frameworks";
				PRODUCT_NAME = "$(TARGET_NAME)";
			};
			name = Debug;
		};
		7A3D06391B331FF50018F555 /* Release */ = {
			isa = XCBuildConfiguration;
			buildSettings = {
				ASSETCATALOG_COMPILER_APPICON_NAME = AppIcon;
				INFOPLIST_FILE = "ios-study/Info.plist";
				LD_RUNPATH_SEARCH_PATHS = "$(inherited) @executable_path/Frameworks";
				PRODUCT_NAME = "$(TARGET_NAME)";
			};
			name = Release;
		};
		7A3D063B1B331FF50018F555 /* Debug */ = {
			isa = XCBuildConfiguration;
			buildSettings = {
				BUNDLE_LOADER = "$(TEST_HOST)";
				FRAMEWORK_SEARCH_PATHS = (
					"$(SDKROOT)/Developer/Library/Frameworks",
					"$(inherited)",
				);
				GCC_PREPROCESSOR_DEFINITIONS = (
					"DEBUG=1",
					"$(inherited)",
				);
				INFOPLIST_FILE = "ios-studyTests/Info.plist";
				LD_RUNPATH_SEARCH_PATHS = "$(inherited) @executable_path/Frameworks @loader_path/Frameworks";
				PRODUCT_NAME = "$(TARGET_NAME)";
				TEST_HOST = "$(BUILT_PRODUCTS_DIR)/ios-study.app/ios-study";
			};
			name = Debug;
		};
		7A3D063C1B331FF50018F555 /* Release */ = {
			isa = XCBuildConfiguration;
			buildSettings = {
				BUNDLE_LOADER = "$(TEST_HOST)";
				FRAMEWORK_SEARCH_PATHS = (
					"$(SDKROOT)/Developer/Library/Frameworks",
					"$(inherited)",
				);
				INFOPLIST_FILE = "ios-studyTests/Info.plist";
				LD_RUNPATH_SEARCH_PATHS = "$(inherited) @executable_path/Frameworks @loader_path/Frameworks";
				PRODUCT_NAME = "$(TARGET_NAME)";
				TEST_HOST = "$(BUILT_PRODUCTS_DIR)/ios-study.app/ios-study";
			};
			name = Release;
		};
/* End XCBuildConfiguration section */

/* Begin XCConfigurationList section */
		7A3D060F1B331FF40018F555 /* Build configuration list for PBXProject "ios-study" */ = {
			isa = XCConfigurationList;
			buildConfigurations = (
				7A3D06351B331FF50018F555 /* Debug */,
				7A3D06361B331FF50018F555 /* Release */,
			);
			defaultConfigurationIsVisible = 0;
			defaultConfigurationName = Release;
		};
		7A3D06371B331FF50018F555 /* Build configuration list for PBXNativeTarget "ios-study" */ = {
			isa = XCConfigurationList;
			buildConfigurations = (
				7A3D06381B331FF50018F555 /* Debug */,
				7A3D06391B331FF50018F555 /* Release */,
			);
			defaultConfigurationIsVisible = 0;
		};
		7A3D063A1B331FF50018F555 /* Build configuration list for PBXNativeTarget "ios-studyTests" */ = {
			isa = XCConfigurationList;
			buildConfigurations = (
				7A3D063B1B331FF50018F555 /* Debug */,
				7A3D063C1B331FF50018F555 /* Release */,
			);
			defaultConfigurationIsVisible = 0;
		};
/* End XCConfigurationList section */
	};
	rootObject = 7A3D060C1B331FF40018F555 /* Project object */;
}
